
Microsoft Visual Studio Solution File, Format Version 12.00
# Visual Studio Version 17
VisualStudioVersion = 17.0.32126.317
MinimumVisualStudioVersion = 10.0.40219.1
Project("{FAE04EC0-301F-11D3-BF4B-00C04F79EFBC}") = "1.4", "1.4\1.4.csproj", "{21FE9394-E3F4-45AC-A91B-D6C84D8B9DFF}"
EndProject
Global
	GlobalSection(SolutionConfigurationPlatforms) = preSolution
		Debug|Any CPU = Debug|Any CPU
		Release|Any CPU = Release|Any CPU
	EndGlobalSection
	GlobalSection(ProjectConfigurationPlatforms) = postSolution
		{21FE9394-E3F4-45AC-A91B-D6C84D8B9DFF}.Debug|Any CPU.ActiveCfg = Debug|Any CPU
		{21FE9394-E3F4-45AC-A91B-D6C84D8B9DFF}.Debug|Any CPU.Build.0 = Debug|Any CPU
		{21FE9394-E3F4-45AC-A91B-D6C84D8B9DFF}.Release|Any CPU.ActiveCfg = Release|Any CPU
		{21FE9394-E3F4-45AC-A91B-D6C84D8B9DFF}.Release|Any CPU.Build.0 = Release|Any CPU
	EndGlobalSection
	GlobalSection(SolutionProperties) = preSolution
		HideSolutionNode = FALSE
	EndGlobalSection
	GlobalSection(ExtensibilityGlobals) = postSolution
		SolutionGuid = {0AD807C0-31F4-4BAE-AA46-67CFD14490E2}
	EndGlobalSection
EndGlobal
