
Microsoft Visual Studio Solution File, Format Version 12.00
# Visual Studio Version 17
VisualStudioVersion = 17.0.32126.317
MinimumVisualStudioVersion = 10.0.40219.1
Project("{FAE04EC0-301F-11D3-BF4B-00C04F79EFBC}") = "2.1", "2.1\2.1.csproj", "{9D424054-B412-4B51-82B2-3ECB7C3EFE40}"
EndProject
Global
	GlobalSection(SolutionConfigurationPlatforms) = preSolution
		Debug|Any CPU = Debug|Any CPU
		Release|Any CPU = Release|Any CPU
	EndGlobalSection
	GlobalSection(ProjectConfigurationPlatforms) = postSolution
		{9D424054-B412-4B51-82B2-3ECB7C3EFE40}.Debug|Any CPU.ActiveCfg = Debug|Any CPU
		{9D424054-B412-4B51-82B2-3ECB7C3EFE40}.Debug|Any CPU.Build.0 = Debug|Any CPU
		{9D424054-B412-4B51-82B2-3ECB7C3EFE40}.Release|Any CPU.ActiveCfg = Release|Any CPU
		{9D424054-B412-4B51-82B2-3ECB7C3EFE40}.Release|Any CPU.Build.0 = Release|Any CPU
	EndGlobalSection
	GlobalSection(SolutionProperties) = preSolution
		HideSolutionNode = FALSE
	EndGlobalSection
	GlobalSection(ExtensibilityGlobals) = postSolution
		SolutionGuid = {12FB07F5-06A0-498D-A730-7D41A0CD1FB6}
	EndGlobalSection
EndGlobal
