
Microsoft Visual Studio Solution File, Format Version 12.00
# Visual Studio Version 17
VisualStudioVersion = 17.0.32126.317
MinimumVisualStudioVersion = 10.0.40219.1
Project("{FAE04EC0-301F-11D3-BF4B-00C04F79EFBC}") = "2.2", "2.2\2.2.csproj", "{CCB62091-606B-4773-8E5F-87D0ED718F67}"
EndProject
Global
	GlobalSection(SolutionConfigurationPlatforms) = preSolution
		Debug|Any CPU = Debug|Any CPU
		Release|Any CPU = Release|Any CPU
	EndGlobalSection
	GlobalSection(ProjectConfigurationPlatforms) = postSolution
		{CCB62091-606B-4773-8E5F-87D0ED718F67}.Debug|Any CPU.ActiveCfg = Debug|Any CPU
		{CCB62091-606B-4773-8E5F-87D0ED718F67}.Debug|Any CPU.Build.0 = Debug|Any CPU
		{CCB62091-606B-4773-8E5F-87D0ED718F67}.Release|Any CPU.ActiveCfg = Release|Any CPU
		{CCB62091-606B-4773-8E5F-87D0ED718F67}.Release|Any CPU.Build.0 = Release|Any CPU
	EndGlobalSection
	GlobalSection(SolutionProperties) = preSolution
		HideSolutionNode = FALSE
	EndGlobalSection
	GlobalSection(ExtensibilityGlobals) = postSolution
		SolutionGuid = {6D18F693-C66B-4B53-BBF8-92044CE7C467}
	EndGlobalSection
EndGlobal
