
Microsoft Visual Studio Solution File, Format Version 12.00
# Visual Studio Version 17
VisualStudioVersion = 17.0.32126.317
MinimumVisualStudioVersion = 10.0.40219.1
Project("{FAE04EC0-301F-11D3-BF4B-00C04F79EFBC}") = "2.4", "2.4\2.4.csproj", "{62A9EFE5-ABE0-40D3-A621-83CB0339414B}"
EndProject
Global
	GlobalSection(SolutionConfigurationPlatforms) = preSolution
		Debug|Any CPU = Debug|Any CPU
		Release|Any CPU = Release|Any CPU
	EndGlobalSection
	GlobalSection(ProjectConfigurationPlatforms) = postSolution
		{62A9EFE5-ABE0-40D3-A621-83CB0339414B}.Debug|Any CPU.ActiveCfg = Debug|Any CPU
		{62A9EFE5-ABE0-40D3-A621-83CB0339414B}.Debug|Any CPU.Build.0 = Debug|Any CPU
		{62A9EFE5-ABE0-40D3-A621-83CB0339414B}.Release|Any CPU.ActiveCfg = Release|Any CPU
		{62A9EFE5-ABE0-40D3-A621-83CB0339414B}.Release|Any CPU.Build.0 = Release|Any CPU
	EndGlobalSection
	GlobalSection(SolutionProperties) = preSolution
		HideSolutionNode = FALSE
	EndGlobalSection
	GlobalSection(ExtensibilityGlobals) = postSolution
		SolutionGuid = {7F0AC5B9-1204-4B47-8F43-668DCCD479CA}
	EndGlobalSection
EndGlobal
